{
    "_meta": {
        "hash": {
            "sha256": "3620c9185cb935c8e1f2eabc24c7e8449efccfb2a8df8aee15ff6219468a1c49"
        },
        "pipfile-spec": 6,
        "requires": {
            "python_version": "3.11"
        },
        "sources": [
            {
                "name": "pypi",
                "url": "https://pypi.org/simple",
                "verify_ssl": true
            }
        ]
    },
    "default": {
        "blinker": {
            "hashes": [
                "sha256:b4ce2265a7abece45e7cc896e98dbebe6cead56bcf805a3d23136d145f5445bf",
                "sha256:ba0efaa9080b619ff2f3459d1d500c57bddea4a6b424b60a91141db6fd2f08bc"
            ],
            "markers": "python_version >= '3.9'",
            "version": "==1.9.0"
        },
        "click": {
            "hashes": [
                "sha256:12ff4785d337a1bb490bb7e9c2b1ee5da3112e94a8622f26a6c77f5d2fc6842a",
                "sha256:981153a64e25f12d547d3426c367a4857371575ee7ad18df2a6183ab0545b2a6"
            ],
            "markers": "python_version >= '3.10'",
            "version": "==8.3.1"
        },
        "flask": {
            "hashes": [
                "sha256:09c347a92aa7ff4a8e7f3206795f30d826654baf38b873d0744cd571ca609efc",
                "sha256:f69fcd559dc907ed196ab9df0e48471709175e696d6e698dd4dbe940f96ce66b"
            ],
            "index": "pypi",
            "markers": "python_version >= '3.8'",
            "version": "==2.3.3"
        },
        "flask-sqlalchemy": {
            "hashes": [
                "sha256:2bda44b43e7cacb15d4e05ff3cc1f8bc97936cc464623424102bfc2c35e95912",
                "sha256:f12c3d4cc5cc7fdcc148b9527ea05671718c3ea45d50c7e732cceb33f574b390"
            ],
            "index": "pypi",
            "markers": "python_version >= '2.7' and python_version not in '3.0, 3.1, 3.2, 3.3'",
            "version": "==2.5.1"
        },
        "itsdangerous": {
            "hashes": [
                "sha256:c6242fc49e35958c8b15141343aa660db5fc54d4f13a1db01a3f5891b98700ef",
                "sha256:e0050c0b7da1eea53ffaf149c0cfbb5c6e2e2b69c4bef22c81fa6eb73e5f6173"
            ],
            "markers": "python_version >= '3.8'",
            "version": "==2.2.0"
        },
        "jinja2": {
            "hashes": [
                "sha256:0137fb05990d35f1275a587e9aee6d56da821fc83491a0fb838183be43f66d6d",
                "sha256:85ece4451f492d0c13c5dd7c13a64681a86afae63a5f347908daf103ce6d2f67"
            ],
            "markers": "python_version >= '3.7'",
            "version": "==3.1.6"
        },
        "markupsafe": {
            "hashes": [
                "sha256:05fb21170423db021895e1ea1e1f3ab3adb85d1c2333cbc2310f2a26bc77272e",
                "sha256:0a4e4a1aff6c7ac4cd55792abf96c915634c2b97e3cc1c7129578aa68ebd754e",
                "sha256:10bbfe99883db80bdbaff2dcf681dfc6533a614f700da1287707e8a5d78a8431",
                "sha256:134da1eca9ec0ae528110ccc9e48041e0828d79f24121a1a146161103c76e686",
                "sha256:14ff806850827afd6b07a5f32bd917fb7f45b046ba40c57abdb636674a8b559c",
                "sha256:1577735524cdad32f9f694208aa75e422adba74f1baee7551620e43a3141f559",
                "sha256:1b40069d487e7edb2676d3fbdb2b0829ffa2cd63a2ec26c4938b2d34391b4ecc",
                "sha256:1b8dd8c3fd14349433c79fa8abeb573a55fc0fdd769133baac1f5e07abf54aeb",
                "sha256:1f67c7038d560d92149c060157d623c542173016c4babc0c1913cca0564b9939",
                "sha256:282c2cb35b5b673bbcadb33a585408104df04f14b2d9b01d4c345a3b92861c2c",
                "sha256:2c1b19b3aaacc6e57b7e25710ff571c24d6c3613a45e905b1fde04d691b98ee0",
                "sha256:2ef12179d3a291be237280175b542c07a36e7f60718296278d8593d21ca937d4",
                "sha256:338ae27d6b8745585f87218a3f23f1512dbf52c26c28e322dbe54bcede54ccb9",
                "sha256:3c0fae6c3be832a0a0473ac912810b2877c8cb9d76ca48de1ed31e1c68386575",
                "sha256:3fd4abcb888d15a94f32b75d8fd18ee162ca0c064f35b11134be77050296d6ba",
                "sha256:42de32b22b6b804f42c5d98be4f7e5e977ecdd9ee9b660fda1a3edf03b11792d",
                "sha256:47d4f1c5f80fc62fdd7777d0d40a2e9dda0a05883ab11374334f6c4de38adffd",
                "sha256:504b320cd4b7eff6f968eddf81127112db685e81f7e36e75f9f84f0df46041c3",
                "sha256:525808b8019e36eb524b8c68acdd63a37e75714eac50e988180b169d64480a00",
                "sha256:56d9f2ecac662ca1611d183feb03a3fa4406469dafe241673d521dd5ae92a155",
                "sha256:5bbe06f8eeafd38e5d0a4894ffec89378b6c6a625ff57e3028921f8ff59318ac",
                "sha256:65c1a9bcdadc6c28eecee2c119465aebff8f7a584dd719facdd9e825ec61ab52",
                "sha256:68e78619a61ecf91e76aa3e6e8e33fc4894a2bebe93410754bd28fce0a8a4f9f",
                "sha256:69c0f17e9f5a7afdf2cc9fb2d1ce6aabdb3bafb7f38017c0b77862bcec2bbad8",
                "sha256:6b2b56950d93e41f33b4223ead100ea0fe11f8e6ee5f641eb753ce4b77a7042b",
                "sha256:715d3562f79d540f251b99ebd6d8baa547118974341db04f5ad06d5ea3eb8007",
                "sha256:787003c0ddb00500e49a10f2844fac87aa6ce977b90b0feaaf9de23c22508b24",
                "sha256:7ef3cb2ebbf91e330e3bb937efada0edd9003683db6b57bb108c4001f37a02ea",
                "sha256:8023faf4e01efadfa183e863fefde0046de576c6f14659e8782065bcece22198",
                "sha256:8758846a7e80910096950b67071243da3e5a20ed2546e6392603c096778d48e0",
                "sha256:8afafd99945ead6e075b973fefa56379c5b5c53fd8937dad92c662da5d8fd5ee",
                "sha256:8c41976a29d078bb235fea9b2ecd3da465df42a562910f9022f1a03107bd02be",
                "sha256:8e254ae696c88d98da6555f5ace2279cf7cd5b3f52be2b5cf97feafe883b58d2",
                "sha256:8f9293864fe09b8149f0cc42ce56e3f0e54de883a9de90cd427f191c346eb2e1",
                "sha256:9402b03f1a1b4dc4c19845e5c749e3ab82d5078d16a2a4c2cd2df62d57bb0707",
                "sha256:962f82a3086483f5e5f64dbad880d31038b698494799b097bc59c2edf392fce6",
                "sha256:9aad3c1755095ce347e26488214ef77e0485a3c34a50c5a5e2471dff60b9dd9c",
                "sha256:9dcdfd0eaf283af041973bff14a2e143b8bd64e069f4c383416ecd79a81aab58",
                "sha256:aa57bd9cf8ae831a362185ee444e15a93ecb2e344c8e52e4d721ea3ab6ef1823",
                "sha256:aa7bd130efab1c280bed0f45501b7c8795f9fdbeb02e965371bbef3523627779",
                "sha256:ab4a0df41e7c16a1392727727e7998a467472d0ad65f3ad5e6e765015df08636",
                "sha256:ad9e82fb8f09ade1c3e1b996a6337afac2b8b9e365f926f5a61aacc71adc5b3c",
                "sha256:af598ed32d6ae86f1b747b82783958b1a4ab8f617b06fe68795c7f026abbdcad",
                "sha256:b076b6226fb84157e3f7c971a47ff3a679d837cf338547532ab866c57930dbee",
                "sha256:b7ff0f54cb4ff66dd38bebd335a38e2c22c41a8ee45aa608efc890ac3e3931bc",
                "sha256:bfce63a9e7834b12b87c64d6b155fdd9b3b96191b6bd334bf37db7ff1fe457f2",
                "sha256:c011a4149cfbcf9f03994ec2edffcb8b1dc2d2aede7ca243746df97a5d41ce48",
                "sha256:c9c804664ebe8f83a211cace637506669e7890fec1b4195b505c214e50dd4eb7",
                "sha256:ca379055a47383d02a5400cb0d110cef0a776fc644cda797db0c5696cfd7e18e",
                "sha256:cb0932dc158471523c9637e807d9bfb93e06a95cbf010f1a38b98623b929ef2b",
                "sha256:cd0f502fe016460680cd20aaa5a76d241d6f35a1c3350c474bac1273803893fa",
                "sha256:ceb01949af7121f9fc39f7d27f91be8546f3fb112c608bc4029aef0bab86a2a5",
                "sha256:d080e0a5eb2529460b30190fcfcc4199bd7f827663f858a226a81bc27beaa97e",
                "sha256:dd15ff04ffd7e05ffcb7fe79f1b98041b8ea30ae9234aed2a9168b5797c3effb",
                "sha256:df0be2b576a7abbf737b1575f048c23fb1d769f267ec4358296f31c2479db8f9",
                "sha256:e09031c87a1e51556fdcb46e5bd4f59dfb743061cf93c4d6831bf894f125eb57",
                "sha256:e4dd52d80b8c83fdce44e12478ad2e85c64ea965e75d66dbeafb0a3e77308fcc",
                "sha256:f698de3fd0c4e6972b92290a45bd9b1536bffe8c6759c62471efaa8acb4c37bc",
                "sha256:fec21693218efe39aa7f8599346e90c705afa52c5b31ae019b2e57e8f6542bb2",
                "sha256:ffcc3f7c66b5f5b7931a5aa68fc9cecc51e685ef90282f4a82f0f5e9b704ad11"
            ],
            "index": "pypi",
            "markers": "python_version >= '3.7'",
            "version": "==2.1.3"
        },
        "sqlalchemy": {
            "hashes": [
                "sha256:040bdfc1d76a9074717a3f43455685f781c581f94472b010cd6c4754754e1862",
                "sha256:1fe5d8d39118c2b018c215c37b73fd6893c3e1d4895be745ca8ff6eb83333ed3",
                "sha256:23927c3981d1ec6b4ea71eb99d28424b874d9c696a21e5fbd9fa322718be3708",
                "sha256:24f9569e82a009a09ce2d263559acb3466eba2617203170e4a0af91e75b4f075",
                "sha256:2578dbdbe4dbb0e5126fb37ffcd9793a25dcad769a95f171a2161030bea850ff",
                "sha256:269990b3ab53cb035d662dcde51df0943c1417bdab707dc4a7e4114a710504b4",
                "sha256:29cccc9606750fe10c5d0e8bd847f17a97f3850b8682aef1f56f5d5e1a5a64b1",
                "sha256:37b83bf81b4b85dda273aaaed5f35ea20ad80606f672d94d2218afc565fb0173",
                "sha256:63677d0c08524af4c5893c18dbe42141de7178001360b3de0b86217502ed3601",
                "sha256:639940bbe1108ac667dcffc79925db2966826c270112e9159439ab6bb14f8d80",
                "sha256:6a939a868fdaa4b504e8b9d4a61f21aac11e3fecc8a8214455e144939e3d2aea",
                "sha256:6b8b8c80c7f384f06825612dd078e4a31f0185e8f1f6b8c19e188ff246334205",
                "sha256:6c9e6cc9237de5660bcddea63f332428bb83c8e2015c26777281f7ffbd2efb84",
                "sha256:6ec1044908414013ebfe363450c22f14698803ce97fbb47e53284d55c5165848",
                "sha256:6fca33672578666f657c131552c4ef8979c1606e494f78cd5199742dfb26918b",
                "sha256:751934967f5336a3e26fc5993ccad1e4fee982029f9317eb6153bc0bc3d2d2da",
                "sha256:8be835aac18ec85351385e17b8665bd4d63083a7160a017bef3d640e8e65cadb",
                "sha256:927ce09e49bff3104459e1451ce82983b0a3062437a07d883a4c66f0b344c9b5",
                "sha256:94208867f34e60f54a33a37f1c117251be91a47e3bfdb9ab8a7847f20886ad06",
                "sha256:94f667d86be82dd4cb17d08de0c3622e77ca865320e0b95eae6153faa7b4ecaf",
                "sha256:9e9c25522933e569e8b53ccc644dc993cab87e922fb7e142894653880fdd419d",
                "sha256:a0e306e9bb76fd93b29ae3a5155298e4c1b504c7cbc620c09c20858d32d16234",
                "sha256:a8bfc1e1afe523e94974132d7230b82ca7fa2511aedde1f537ec54db0399541a",
                "sha256:ac2244e64485c3778f012951fdc869969a736cd61375fde6096d08850d8be729",
                "sha256:b4b0e44d586cd64b65b507fa116a3814a1a53d55dce4836d7c1a6eb2823ff8d1",
                "sha256:baeb451ee23e264de3f577fee5283c73d9bbaa8cb921d0305c0bbf700094b65b",
                "sha256:c7dc052432cd5d060d7437e217dd33c97025287f99a69a50e2dc1478dd610d64",
                "sha256:d1a85dfc5dee741bf49cb9b6b6b8d2725a268e4992507cf151cba26b17d97c37",
                "sha256:d90010304abb4102123d10cbad2cdf2c25a9f2e66a50974199b24b468509bad5",
                "sha256:ddfb511e76d016c3a160910642d57f4587dc542ce5ee823b0d415134790eeeb9",
                "sha256:e273367f4076bd7b9a8dc2e771978ef2bfd6b82526e80775a7db52bff8ca01dd",
                "sha256:e5bb3463df697279e5459a7316ad5a60b04b0107f9392e88674d0ece70e9cf70",
                "sha256:e8a1750b44ad6422ace82bf3466638f1aa0862dbb9689690d5f2f48cce3476c8",
                "sha256:eab063a70cca4a587c28824e18be41d8ecc4457f8f15b2933584c6c6cccd30f0",
                "sha256:ecce8c021894a77d89808222b1ff9687ad84db54d18e4bd0500ca766737faaf6",
                "sha256:f4d972139d5000105fcda9539a76452039434013570d6059993120dc2a65e447",
                "sha256:fd3b96f8c705af8e938eaa99cbd8fd1450f632d38cad55e7367c33b263bf98ec",
                "sha256:fdd2ed7395df8ac2dbb10cefc44737b66c6a5cd7755c92524733d7a443e5b7e2"
            ],
            "index": "pypi",
            "markers": "python_version >= '2.7' and python_version not in '3.0, 3.1, 3.2, 3.3'",
            "version": "==1.3.23"
        },
        "werkzeug": {
            "hashes": [
                "sha256:2b8c0e447b4b9dbcc85dd97b6eeb4dcbaf6c8b6c3be0bd654e25553e0a2157d8",
                "sha256:effc12dba7f3bd72e605ce49807bbe692bd729c3bb122a3b91747a6ae77df528"
            ],
            "index": "pypi",
            "markers": "python_version >= '3.8'",
            "version": "==2.3.7"
        }
    },
    "develop": {
        "certifi": {
            "hashes": [
                "sha256:027692e4402ad994f1c42e52a4997a9763c646b73e4096e4d5d6db8af1d6f0fa",
                "sha256:e887ab5cee78ea814d3472169153c2d12cd43b14bd03329a39a9c6e2e80bfba7"
            ],
            "markers": "python_version >= '3.7'",
            "version": "==2026.2.25"
        },
        "charset-normalizer": {
            "hashes": [
                "sha256:014837af6fabf57121b6254fa8ade10dceabc3528b27b721a64bbc7b8b1d4eb4",
                "sha256:01a1ed54b953303ca7e310fafe0fe347aab348bd81834a0bcd602eb538f89d66",
                "sha256:0294916d6ccf2d069727d65973c3a1ca477d68708db25fd758dd28b0827cff54",
                "sha256:02a9d1b01c1e12c27883b0c9349e0bcd9ae92e727ff1a277207e1a262b1cbf05",
                "sha256:036c079aa08a6a592b82487f97c60b439428320ed1b2ea0b3912e99d30c77765",
                "sha256:039215608ac7b358c4da0191d10fc76868567fbf276d54c14721bdedeb6de064",
                "sha256:0625665e4ebdddb553ab185de5db7054393af8879fb0c87bd5690d14379d6819",
                "sha256:0a45e504f5e1be0bd385935a8e1507c442349ca36f511a47057a71c9d1d6ea9e",
                "sha256:0b362bcd27819f9c07cbf23db4e0e8cd4b44c5ecd900c2ff907b2b92274a7412",
                "sha256:0c300cefd9b0970381a46394902cd18eaf2aa00163f999590ace991989dcd0fc",
                "sha256:1088345bcc93c58d8d8f3d783eca4a6e7a7752bbff26c3eee7e73c597c191c2e",
                "sha256:10b473fc8dca1c3ad8559985794815f06ca3fc71942c969129070f2c3cdf7281",
                "sha256:131716d6786ad5e3dc542f5cc6f397ba3339dc0fb87f87ac30e550e8987756af",
                "sha256:14498a429321de554b140013142abe7608f9d8ccc04d7baf2ad60498374aefa2",
                "sha256:149ec69866c3d6c2fb6f758dbc014ecb09f30b35a5ca90b6a8a2d4e54e18fdfe",
                "sha256:165c7b21d19365464e8f70e5ce5e12524c58b48c78c1f5a57524603c1ab003f8",
                "sha256:1827734a5b308b65ac54e86a618de66f935a4f63a8a462ff1e19a6788d6c2262",
                "sha256:19092dde50335accf365cce21998a1c6dd8eafd42c7b226eb54b2747cdce2fac",
                "sha256:1a374cc0b88aa710e8865dc1bd6edb3743c59f27830f0293ab101e4cf3ce9f85",
                "sha256:1d1401945cb77787dbd3af2446ff2d75912327c4c3a1526ab7955ecf8600687c",
                "sha256:1f2da5cbb9becfcd607757a169e38fb82aa5fd86fae6653dea716e7b613fe2cf",
                "sha256:259cd1ca995ad525f638e131dbcc2353a586564c038fc548a3fe450a91882139",
                "sha256:2820a98460c83663dd8ec015d9ddfd1e4879f12e06bb7d0500f044fb477d2770",
                "sha256:28269983f25a4da0425743d0d257a2d6921ea7d9b83599d4039486ec5b9f911d",
                "sha256:2b970382e4a36bed897c19f310f31d7d13489c11b4f468ddfba42d41cddfb918",
                "sha256:2da4eedcb6338e2321e831a0165759c0c620e37f8cd044a263ff67493be8ffb3",
                "sha256:30987f4a8ed169983f93e1be8ffeea5214a779e27ed0b059835c7afe96550ad7",
                "sha256:30a2b1a48478c3428d047ed9690d57c23038dac838a87ad624c85c0a78ebeb39",
                "sha256:340810d34ef83af92148e96e3e44cb2d3f910d2bf95e5618a5c467d9f102231d",
                "sha256:3f64c6bf8f32f9133b668c7f7a7cbdbc453412bc95ecdbd157f3b1e377a92990",
                "sha256:4167a621a9a1a986c73777dbc15d4b5eac8ac5c10393374109a343d4013ec765",
                "sha256:4354e401eb6dab9aed3c7b4030514328a6c748d05e1c3e19175008ca7de84fb1",
                "sha256:4481e6da1830c8a1cc0b746b47f603b653dadb690bcd851d039ffaefe70533aa",
                "sha256:4b8551b6e6531e156db71193771c93bda78ffc4d1e6372517fe58ad3b91e4659",
                "sha256:4cd966c2559f501c6fd69294d082c2934c8dd4719deb32c22961a5ac6db0df1d",
                "sha256:50bcbca6603c06a1dcc7b056ed45c37715fb5d2768feb3bcd37d2313c587a5b9",
                "sha256:530beedcec9b6e027e7a4b6ce26eed36678aa39e17da85e6e03d7bd9e8e9d7c9",
                "sha256:568e3c34b58422075a1b49575a6abc616d9751b4d61b23f712e12ebb78fe47b2",
                "sha256:573ef5814c4b7c0d59a7710aa920eaaaef383bd71626aa420fba27b5cab92e8d",
                "sha256:58ad8270cfa5d4bef1bc85bd387217e14ff154d6630e976c6f56f9a040757475",
                "sha256:597d10dec876923e5c59e48dbd366e852eacb2b806029491d307daea6b917d7c",
                "sha256:5bcb3227c3d9aaf73eaaab1db7ccd80a8995c509ee9941e2aae060ca6e4e5d81",
                "sha256:5cffde4032a197bd3b42fd0b9509ec60fb70918d6970e4cc773f20fc9180ca67",
                "sha256:5fea359734b140d0d6741189fea5478c6091b54ffc69d7ce119e0a05637d8c99",
                "sha256:60d68e820af339df4ae8358c7a2e7596badeb61e544438e489035f9fbf3246a5",
                "sha256:610f72c0ee565dfb8ae1241b666119582fdbfe7c0975c175be719f940e110694",
                "sha256:65a126fb4b070d05340a84fc709dd9e7c75d9b063b610ece8a60197a291d0adf",
                "sha256:65b3c403a5b6b8034b655e7385de4f72b7b244869a22b32d4030b99a60593eca",
                "sha256:66dee73039277eb35380d1b82cccc69cc82b13a66f9f4a18da32d573acf02b7c",
                "sha256:708c7acde173eedd4bfa4028484426ba689d2103b28588c513b9db2cd5ecde9c",
                "sha256:728c6a963dfab66ef865f49286e45239384249672cd598576765acc2a640a636",
                "sha256:754f96058e61a5e22e91483f823e07df16416ce76afa4ebf306f8e1d1296d43f",
                "sha256:75dfd1afe0b1647449e852f4fb428195a7ed0588947218f7ba929f6538487f02",
                "sha256:75ee9c1cce2911581a70a3c0919d8bccf5b1cbc9b0e5171400ec736b4b569497",
                "sha256:76a9d0de4d0eab387822e7b35d8f89367dd237c72e82ab42b9f7bf5e15ada00f",
                "sha256:77be992288f720306ab4108fe5c74797de327f3248368dfc7e1a916d6ed9e5a2",
                "sha256:7ad83b8f9379176c841f8865884f3514d905bcd2a9a3b210eaa446e7d2223e4d",
                "sha256:8197abe5ca1ffb7d91e78360f915eef5addff270f8a71c1fc5be24a56f3e4873",
                "sha256:82cc7c2ad42faec8b574351f8bc2a0c049043893853317bd9bb309f5aba6cb5a",
                "sha256:8a28afb04baa55abf26df544e3e5c6534245d3daa5178bc4a8eeb48202060d0e",
                "sha256:8b78d8a609a4b82c273257ee9d631ded7fac0d875bdcdccc109f3ee8328cfcb1",
                "sha256:8ce11cd4d62d11166f2b441e30ace226c19a3899a7cf0796f668fba49a9fb123",
                "sha256:8fff79bf5978c693c9b1a4d71e4a94fddfb5fe744eb062a318e15f4a2f63a550",
                "sha256:92263f7eca2f4af326cd20de8d16728d2602f7cfea02e790dcde9d83c365d7cc",
                "sha256:93b3b2cc5cf1b8743660ce77a4f45f3f6d1172068207c1defc779a36eea6bb36",
                "sha256:95adae7b6c42a6c5b5b559b1a99149f090a57128155daeea91732c8d970d8644",
                "sha256:97ab7787092eb9b50fb47fa04f24c75b768a606af1bcba1957f07f128a7219e4",
                "sha256:9db5e3fcdcee89a78c04dffb3fe33c79f77bd741a624946db2591c81b2fc85b0",
                "sha256:a118e2e0b5ae6b0120d5efa5f866e58f2bb826067a646431da4d6a2bdae7950e",
                "sha256:a2aecdb364b8a1802afdc7f9327d55dad5366bc97d8502d0f5854e50712dbc5f",
                "sha256:a66aa5022bf81ab4b1bebfb009db4fd68e0c6d4307a1ce5ef6a26e5878dfc9e4",
                "sha256:a68766a3c58fde7f9aaa22b3786276f62ab2f594efb02d0a1421b6282e852e98",
                "sha256:aa2f963b4da26daf46231d9b9e0e2c9408a751f8f0d0f44d2de56d3caf51d294",
                "sha256:aa92ec1102eaff840ccd1021478af176a831f1bccb08e526ce844b7ddda85c22",
                "sha256:ac59c15e3f1465f722607800c68713f9fbc2f672b9eb649fe831da4019ae9b23",
                "sha256:ae8b03427410731469c4033934cf473426faff3e04b69d2dfb64a4281a3719f8",
                "sha256:afca7f78067dd27c2b848f1b234623d26b87529296c6c5652168cc1954f2f3b2",
                "sha256:b2d37d78297b39a9eb9eb92c0f6df98c706467282055419df141389b23f93362",
                "sha256:b3e71afc578b98512bfe7bdb822dd6bc57d4b0093b4b6e5487c1e96ad4ace242",
                "sha256:ba20bdf69bd127f66d0174d6f2a93e69045e0b4036dc1ca78e091bcc765830c4",
                "sha256:c108f8619e504140569ee7de3f97d234f0fbae338a7f9f360455071ef9855a95",
                "sha256:c23eb3263356d94858655b3e63f85ac5d50970c6e8febcdde7830209139cc37d",
                "sha256:c5af897b45fa606b12464ccbe0014bbf8c09191e0a66aab6aa9d5cf6e77e0c94",
                "sha256:c7a80a9242963416bd81f99349d5f3fce1843c303bd404f204918b6d75a75fd6",
                "sha256:c7e84e0c0005e3bdc1a9211cd4e62c78ba80bc37b2365ef4410cd2007a9047f2",
                "sha256:cace89841c0599d736d3d74a27bc5821288bb47c5441923277afc6059d7fbcb4",
                "sha256:cd2d0f0ec9aa977a27731a3209ebbcacebebaf41f902bd453a928bfd281cf7f8",
                "sha256:d01de5e768328646e6a3fa9e562706f8f6641708c115c62588aef2b941a4f88e",
                "sha256:d1028de43596a315e2720a9849ee79007ab742c06ad8b45a50db8cdb7ed4a82a",
                "sha256:d27ce22ec453564770d29d03a9506d449efbb9fa13c00842262b2f6801c48cce",
                "sha256:d29dd9c016f2078b43d0c357511e87eee5b05108f3dd603423cb389b89813969",
                "sha256:d31f0d1671e1534e395f9eb84a68e0fb670e1edb1fe819a9d7f564ae3bc4e53f",
                "sha256:d4eb8ac7469b2a5d64b5b8c04f84d8bf3ad340f4514b98523805cbf46e3b3923",
                "sha256:d5e52d127045d6ae01a1e821acfad2f3a1866c54d0e837828538fabe8d9d1bd6",
                "sha256:d77f97e515688bd615c1d1f795d540f32542d514242067adcb8ef532504cb9ee",
                "sha256:d8ed79b8f6372ca4254955005830fd61c1ccdd8c0fac6603e2c145c61dd95db6",
                "sha256:dc57a0baa3eeedd99fafaef7511b5a6ef4581494e8168ee086031744e2679467",
                "sha256:e09f671a54ce70b79a1fc1dc6da3072b7ef7251fadb894ed92d9aa8218465a5f",
                "sha256:e22d1059b951e7ae7c20ef6b06afd10fb95e3c41bf3c4fbc874dba113321c193",
                "sha256:e37bd100d2c5d3ba35db9c7c5ba5a9228cbcffe5c4778dc824b164e5257813d7",
                "sha256:e51ae7d81c825761d941962450f50d041db028b7278e7b08930b4541b3e45cb9",
                "sha256:e545b51da9f9af5c67815ca0eb40676c0f016d0b0381c86f20451e35696c5f95",
                "sha256:e6302ca4ae283deb0af68d2fbf467474b8b6aedcd3dab4db187e07f94c109763",
                "sha256:e71bbb595973622b817c042bd943c3f3667e9c9983ce3d205f973f486fec98a7",
                "sha256:ec56a2266f32bc06ed3c3e2a8f58417ce02f7e0356edc89786e52db13c593c98",
                "sha256:ed1a9a204f317ef879b32f9af507d47e49cd5e7f8e8d5d96358c98373314fc60",
                "sha256:ed97c282ee4f994ef814042423a529df9497e3c666dca19be1d4cd1129dc7ade",
                "sha256:ed98364e1c262cf5f9363c3eca8c2df37024f52a8fa1180a3610014f26eac51c",
                "sha256:ee57b926940ba00bca7ba7041e665cc956e55ef482f851b9b65acb20d867e7a2",
                "sha256:f1d725b754e967e648046f00c4facc42d414840f5ccc670c5670f59f83693e4f",
                "sha256:f8102ae93c0bc863b1d41ea0f4499c20a83229f52ed870850892df555187154a",
                "sha256:fc1c64934b8faf7584924143eb9db4770bbdb16659626e1a1a4d9efbcb68d947",
                "sha256:ff95a9283de8a457e6b12989de3f9f5193430f375d64297d323a615ea52cbdb3"
            ],
            "markers": "python_version >= '3.7'",
            "version": "==3.4.5"
        },
        "greenlet": {
            "hashes": [
                "sha256:02b0a8682aecd4d3c6c18edf52bc8e51eacdd75c8eac52a790a210b06aa295fd",
                "sha256:18cb1b7337bca281915b3c5d5ae19f4e76d35e1df80f4ad3c1a7be91fadf1082",
                "sha256:1a9172f5bf6bd88e6ba5a84e0a68afeac9dc7b6b412b245dd64f52d83c81e55b",
                "sha256:1e692b2dae4cc7077cbb11b47d258533b48c8fde69a33d0d8a82e2fe8d8531d5",
                "sha256:1ebd458fa8285960f382841da585e02201b53a5ec2bac6b156fc623b5ce4499f",
                "sha256:1fb39a11ee2e4d94be9a76671482be9398560955c9e568550de0224e41104727",
                "sha256:20154044d9085151bc309e7689d6f7ba10027f8f5a8c0676ad398b951913d89e",
                "sha256:2eaf067fc6d886931c7962e8c6bede15d2f01965560f3359b27c80bde2d151f2",
                "sha256:34308836d8370bddadb41f5a7ce96879b72e2fdfb4e87729330c6ab52376409f",
                "sha256:394ead29063ee3515b4e775216cb756b2e3b4a7e55ae8fd884f17fa579e6b327",
                "sha256:3ceec72030dae6ac0c8ed7591b96b70410a8be370b6a477b1dbc072856ad02bd",
                "sha256:4375a58e49522698d3e70cc0b801c19433021b5c37686f7ce9c65b0d5c8677d2",
                "sha256:43e99d1749147ac21dde49b99c9abffcbc1e2d55c67501465ef0930d6e78e070",
                "sha256:442b6057453c8cb29b4fb36a2ac689382fc71112273726e2423f7f17dc73bf99",
                "sha256:45abe8eb6339518180d5a7fa47fa01945414d7cca5ecb745346fc6a87d2750be",
                "sha256:4c956a19350e2c37f2c48b336a3afb4bff120b36076d9d7fb68cb44e05d95b79",
                "sha256:508c7f01f1791fbc8e011bd508f6794cb95397fdb198a46cb6635eb5b78d85a7",
                "sha256:527fec58dc9f90efd594b9b700662ed3fb2493c2122067ac9c740d98080a620e",
                "sha256:59b3e2c40f6706b05a9cd299c836c6aa2378cabe25d021acd80f13abf81181cf",
                "sha256:5d0e35379f93a6d0222de929a25ab47b5eb35b5ef4721c2b9cbcc4036129ff1f",
                "sha256:63d10328839d1973e5ba35e98cccbca71b232b14051fd957b6f8b6e8e80d0506",
                "sha256:64970c33a50551c7c50491671265d8954046cb6e8e2999aacdd60e439b70418a",
                "sha256:6c6f8ba97d17a1e7d664151284cb3315fc5f8353e75221ed4324f84eb162b395",
                "sha256:8b466dff7a4ffda6ca975979bab80bdadde979e29fc947ac3be4451428d8b0e4",
                "sha256:8c1fdd7d1b309ff0da81d60a9688a8bd044ac4e18b250320a96fc68d31c209ca",
                "sha256:8c4dd0f3997cf2512f7601563cc90dfb8957c0cff1e3a1b23991d4ea1776c492",
                "sha256:8d1658d7291f9859beed69a776c10822a0a799bc4bfe1bd4272bb60e62507dab",
                "sha256:8e2cd90d413acbf5e77ae41e5d3c9b3ac1d011a756d7284d7f3f2b806bbd6358",
                "sha256:8e4ab3cfb02993c8cc248ea73d7dae6cec0253e9afa311c9b37e603ca9fad2ce",
                "sha256:94ad81f0fd3c0c0681a018a976e5c2bd2ca2d9d94895f23e7bb1af4e8af4e2d5",
                "sha256:97245cc10e5515dbc8c3104b2928f7f02b6813002770cfaffaf9a6e0fc2b94ef",
                "sha256:9bc885b89709d901859cf95179ec9f6bb67a3d2bb1f0e88456461bd4b7f8fd0d",
                "sha256:a2a5be83a45ce6188c045bcc44b0ee037d6a518978de9a5d97438548b953a1ac",
                "sha256:a443358b33c4ec7b05b79a7c8b466f5d275025e750298be7340f8fc63dff2a55",
                "sha256:a7945dd0eab63ded0a48e4dcade82939783c172290a7903ebde9e184333ca124",
                "sha256:aa6ac98bdfd716a749b84d4034486863fd81c3abde9aa3cf8eff9127981a4ae4",
                "sha256:ab0c7e7901a00bc0a7284907273dc165b32e0d109a6713babd04471327ff7986",
                "sha256:ac8d61d4343b799d1e526db579833d72f23759c71e07181c2d2944e429eb09cd",
                "sha256:ad0c8917dd42a819fe77e6bdfcb84e3379c0de956469301d9fd36427a1ca501f",
                "sha256:ae9e21c84035c490506c17002f5c8ab25f980205c3e61ddb3a2a2a2e6c411fcb",
                "sha256:b26b0f4428b871a751968285a1ac9648944cea09807177ac639b030bddebcea4",
                "sha256:b568183cf65b94919be4438dc28416b234b678c608cafac8874dfeeb2a9bbe13",
                "sha256:b6997d360a4e6a4e936c0f9625b1c20416b8a0ea18a8e19cabbefc712e7397ab",
                "sha256:b8bddc5b73c9720bea487b3bffdb1840fe4e3656fba3bd40aa1489e9f37877ff",
                "sha256:c04c5e06ec3e022cbfe2cd4a846e1d4e50087444f875ff6d2c2ad8445495cf1a",
                "sha256:c2e47408e8ce1c6f1ceea0dffcdf6ebb85cc09e55c7af407c99f1112016e45e9",
                "sha256:c56692189a7d1c7606cb794be0a8381470d95c57ce5be03fb3d0ef57c7853b86",
                "sha256:ccd21bb86944ca9be6d967cf7691e658e43417782bce90b5d2faeda0ff78a7dd",
                "sha256:cd6f9e2bbd46321ba3bbb4c8a15794d32960e3b0ae2cc4d49a1a53d314805d71",
                "sha256:d248d8c23c67d2291ffd47af766e2a3aa9fa1c6703155c099feb11f526c63a92",
                "sha256:d3a62fa76a32b462a97198e4c9e99afb9ab375115e74e9a83ce180e7a496f643",
                "sha256:e26e72bec7ab387ac80caa7496e0f908ff954f31065b0ffc1f8ecb1338b11b54",
                "sha256:e3cb43ce200f59483eb82949bf1835a99cf43d7571e900d7c8d5c62cdf25d2f9"
            ],
            "markers": "python_version >= '3.10'",
            "version": "==3.3.2"
        },
        "idna": {
            "hashes": [
                "sha256:771a87f49d9defaf64091e6e6fe9c18d4833f140bd19464795bc32d966ca37ea",
                "sha256:795dafcc9c04ed0c1fb032c2aa73654d8e8c5023a7df64a53f39190ada629902"
            ],
            "markers": "python_version >= '3.8'",
            "version": "==3.11"
        },
        "iniconfig": {
            "hashes": [
                "sha256:c76315c77db068650d49c5b56314774a7804df16fee4402c1f19d6d15d8c4730",
                "sha256:f631c04d2c48c52b84d0d0549c99ff3859c98df65b3101406327ecc7d53fbf12"
            ],
            "markers": "python_version >= '3.10'",
            "version": "==2.3.0"
        },
        "packaging": {
            "hashes": [
                "sha256:00243ae351a257117b6a241061796684b084ed1c516a08c48a3f7e147a9d80b4",
                "sha256:b36f1fef9334a5588b4166f8bcd26a14e521f2b55e6b9de3aaa80d3ff7a37529"
            ],
            "markers": "python_version >= '3.8'",
            "version": "==26.0"
        },
        "playwright": {
            "hashes": [
                "sha256:185e0132578733d02802dfddfbbc35f42be23a45ff49ccae5081f25952238117",
                "sha256:1e03be090e75a0fabbdaeab65ce17c308c425d879fa48bb1d7986f96bfad0b99",
                "sha256:32ffe5c303901a13a0ecab91d1c3f74baf73b84f4bedbb6b935f5bc11cc98e1b",
                "sha256:70c763694739d28df71ed578b9c8202bb83e8fe8fb9268c04dd13afe36301f71",
                "sha256:8f9999948f1ab541d98812de25e3a8c410776aa516d948807140aff797b4bffa",
                "sha256:96e3204aac292ee639edbfdef6298b4be2ea0a55a16b7068df91adac077cc606",
                "sha256:a2bf639d0ce33b3ba38de777e08697b0d8f3dc07ab6802e4ac53fb65e3907af8",
                "sha256:c95568ba1eda83812598c1dc9be60b4406dffd60b149bc1536180ad108723d6b"
            ],
            "markers": "python_version >= '3.9'",
            "version": "==1.58.0"
        },
        "pluggy": {
            "hashes": [
                "sha256:7dcc130b76258d33b90f61b658791dede3486c3e6bfb003ee5c9bfb396dd22f3",
                "sha256:e920276dd6813095e9377c0bc5566d94c932c33b27a3e3945d8389c374dd4746"
            ],
            "markers": "python_version >= '3.9'",
            "version": "==1.6.0"
        },
        "pyee": {
            "hashes": [
                "sha256:0b931f7c14535667ed4c7e0d531716368715e860b988770fc7eb8578d1f67fc8",
                "sha256:af2f8fede4171ef667dfded53f96e2ed0d6e6bd7ee3bb46437f77e3b57689228"
            ],
            "markers": "python_version >= '3.8'",
            "version": "==13.0.1"
        },
        "pygments": {
            "hashes": [
                "sha256:636cb2477cec7f8952536970bc533bc43743542f70392ae026374600add5b887",
                "sha256:86540386c03d588bb81d44bc3928634ff26449851e99741617ecb9037ee5ec0b"
            ],
            "markers": "python_version >= '3.8'",
            "version": "==2.19.2"
        },
        "pytest": {
            "hashes": [
                "sha256:711ffd45bf766d5264d487b917733b453d917afd2b0ad65223959f59089f875b",
                "sha256:75186651a92bd89611d1d9fc20f0b4345fd827c41ccd5c299a868a05d70edf11"
            ],
            "index": "pypi",
            "markers": "python_version >= '3.10'",
            "version": "==9.0.2"
        },
        "pytest-base-url": {
            "hashes": [
                "sha256:02748589a54f9e63fcbe62301d6b0496da0d10231b753e950c63e03aee745d45",
                "sha256:3ad15611778764d451927b2a53240c1a7a591b521ea44cebfe45849d2d2812e6"
            ],
            "markers": "python_version >= '3.8'",
            "version": "==2.1.0"
        },
        "pytest-playwright": {
            "hashes": [
                "sha256:247b61123b28c7e8febb993a187a07e54f14a9aa04edc166f7a976d88f04c770",
                "sha256:8084e015b2b3ecff483c2160f1c8219b38b66c0d4578b23c0f700d1b0240ea38"
            ],
            "index": "pypi",
            "markers": "python_version >= '3.10'",
            "version": "==0.7.2"
        },
        "python-slugify": {
            "hashes": [
                "sha256:276540b79961052b66b7d116620b36518847f52d5fd9e3a70164fc8c50faa6b8",
                "sha256:59202371d1d05b54a9e7720c5e038f928f45daaffe41dd10822f3907b937c856"
            ],
            "markers": "python_version >= '3.7'",
            "version": "==8.0.4"
        },
        "requests": {
            "hashes": [
                "sha256:2462f94637a34fd532264295e186976db0f5d453d1cdd31473c85a6a161affb6",
                "sha256:dbba0bac56e100853db0ea71b82b4dfd5fe2bf6d3754a8893c3af500cec7d7cf"
            ],
            "markers": "python_version >= '3.9'",
            "version": "==2.32.5"
        },
        "text-unidecode": {
            "hashes": [
                "sha256:1311f10e8b895935241623731c2ba64f4c455287888b18189350b67134a822e8",
                "sha256:bad6603bb14d279193107714b288be206cac565dfa49aa5b105294dd5c4aab93"
            ],
            "version": "==1.3"
        },
        "typing-extensions": {
            "hashes": [
                "sha256:0cea48d173cc12fa28ecabc3b837ea3cf6f38c6d1136f85cbaaf598984861466",
                "sha256:f0fa19c6845758ab08074a0cfa8b7aecb71c999ca73d62883bc25cc018c4e548"
            ],
            "markers": "python_version >= '3.9'",
            "version": "==4.15.0"
        },
        "urllib3": {
            "hashes": [
                "sha256:1b62b6884944a57dbe321509ab94fd4d3b307075e0c2eae991ac71ee15ad38ed",
                "sha256:bf272323e553dfb2e87d9bfd225ca7b0f467b919d7bbd355436d3fd37cb0acd4"
            ],
            "markers": "python_version >= '3.9'",
            "version": "==2.6.3"
        }
    }
}
